
Microsoft Visual Studio Solution File, Format Version 12.00
# Visual Studio Version 17
VisualStudioVersion = 17.3.32901.215
MinimumVisualStudioVersion = 10.0.40219.1
Project("{8BC9CEB8-8B4A-11D0-8D11-00A0C91BC942}") = "lab_6.4_2", "lab_6.4_2\lab_6.4_2.vcxproj", "{BAF36565-F030-4EBC-8B9E-88F34A840343}"
EndProject
Project("{8BC9CEB8-8B4A-11D0-8D11-00A0C91BC942}") = "UnitTest6.4_2", "UnitTest6.4_2\UnitTest6.4_2.vcxproj", "{83B69A31-BD60-4EC4-8F73-A4841717D749}"
EndProject
Global
	GlobalSection(SolutionConfigurationPlatforms) = preSolution
		Debug|x64 = Debug|x64
		Debug|x86 = Debug|x86
		Release|x64 = Release|x64
		Release|x86 = Release|x86
	EndGlobalSection
	GlobalSection(ProjectConfigurationPlatforms) = postSolution
		{BAF36565-F030-4EBC-8B9E-88F34A840343}.Debug|x64.ActiveCfg = Debug|x64
		{BAF36565-F030-4EBC-8B9E-88F34A840343}.Debug|x64.Build.0 = Debug|x64
		{BAF36565-F030-4EBC-8B9E-88F34A840343}.Debug|x86.ActiveCfg = Debug|Win32
		{BAF36565-F030-4EBC-8B9E-88F34A840343}.Debug|x86.Build.0 = Debug|Win32
		{BAF36565-F030-4EBC-8B9E-88F34A840343}.Release|x64.ActiveCfg = Release|x64
		{BAF36565-F030-4EBC-8B9E-88F34A840343}.Release|x64.Build.0 = Release|x64
		{BAF36565-F030-4EBC-8B9E-88F34A840343}.Release|x86.ActiveCfg = Release|Win32
		{BAF36565-F030-4EBC-8B9E-88F34A840343}.Release|x86.Build.0 = Release|Win32
		{83B69A31-BD60-4EC4-8F73-A4841717D749}.Debug|x64.ActiveCfg = Debug|x64
		{83B69A31-BD60-4EC4-8F73-A4841717D749}.Debug|x64.Build.0 = Debug|x64
		{83B69A31-BD60-4EC4-8F73-A4841717D749}.Debug|x86.ActiveCfg = Debug|Win32
		{83B69A31-BD60-4EC4-8F73-A4841717D749}.Debug|x86.Build.0 = Debug|Win32
		{83B69A31-BD60-4EC4-8F73-A4841717D749}.Release|x64.ActiveCfg = Release|x64
		{83B69A31-BD60-4EC4-8F73-A4841717D749}.Release|x64.Build.0 = Release|x64
		{83B69A31-BD60-4EC4-8F73-A4841717D749}.Release|x86.ActiveCfg = Release|Win32
		{83B69A31-BD60-4EC4-8F73-A4841717D749}.Release|x86.Build.0 = Release|Win32
	EndGlobalSection
	GlobalSection(SolutionProperties) = preSolution
		HideSolutionNode = FALSE
	EndGlobalSection
	GlobalSection(ExtensibilityGlobals) = postSolution
		SolutionGuid = {56923C56-F52E-4A6B-8363-E9465D889820}
	EndGlobalSection
EndGlobal
